
Microsoft Visual Studio Solution File, Format Version 12.00
# Visual Studio Version 17
VisualStudioVersion = 17.2.32519.379
MinimumVisualStudioVersion = 10.0.40219.1
Project("{FAE04EC0-301F-11D3-BF4B-00C04F79EFBC}") = "ManagedIdentityDemowithkeyvault", "ManagedIdentityDemowithkeyvault\ManagedIdentityDemowithkeyvault.csproj", "{F70A5949-8BB5-4496-AFFF-3CF38B293F09}"
EndProject
Global
	GlobalSection(SolutionConfigurationPlatforms) = preSolution
		Debug|Any CPU = Debug|Any CPU
		Release|Any CPU = Release|Any CPU
	EndGlobalSection
	GlobalSection(ProjectConfigurationPlatforms) = postSolution
		{F70A5949-8BB5-4496-AFFF-3CF38B293F09}.Debug|Any CPU.ActiveCfg = Debug|Any CPU
		{F70A5949-8BB5-4496-AFFF-3CF38B293F09}.Debug|Any CPU.Build.0 = Debug|Any CPU
		{F70A5949-8BB5-4496-AFFF-3CF38B293F09}.Release|Any CPU.ActiveCfg = Release|Any CPU
		{F70A5949-8BB5-4496-AFFF-3CF38B293F09}.Release|Any CPU.Build.0 = Release|Any CPU
	EndGlobalSection
	GlobalSection(SolutionProperties) = preSolution
		HideSolutionNode = FALSE
	EndGlobalSection
	GlobalSection(ExtensibilityGlobals) = postSolution
		SolutionGuid = {E05E970B-2124-4354-8053-A9AECEE41F10}
	EndGlobalSection
EndGlobal
